
Microsoft Visual Studio Solution File, Format Version 12.00
# Visual Studio Version 16
VisualStudioVersion = 16.0.31613.86
MinimumVisualStudioVersion = 10.0.40219.1
Project("{8BC9CEB8-8B4A-11D0-8D11-00A0C91BC942}") = "1Q2P_week5_link1", "1Q2P_week5_link1\1Q2P_week5_link1.vcxproj", "{72717652-4B87-4B9F-B0D9-14EA991571C1}"
EndProject
Global
	GlobalSection(SolutionConfigurationPlatforms) = preSolution
		Debug|x64 = Debug|x64
		Debug|x86 = Debug|x86
		Release|x64 = Release|x64
		Release|x86 = Release|x86
	EndGlobalSection
	GlobalSection(ProjectConfigurationPlatforms) = postSolution
		{72717652-4B87-4B9F-B0D9-14EA991571C1}.Debug|x64.ActiveCfg = Debug|x64
		{72717652-4B87-4B9F-B0D9-14EA991571C1}.Debug|x64.Build.0 = Debug|x64
		{72717652-4B87-4B9F-B0D9-14EA991571C1}.Debug|x86.ActiveCfg = Debug|Win32
		{72717652-4B87-4B9F-B0D9-14EA991571C1}.Debug|x86.Build.0 = Debug|Win32
		{72717652-4B87-4B9F-B0D9-14EA991571C1}.Release|x64.ActiveCfg = Release|x64
		{72717652-4B87-4B9F-B0D9-14EA991571C1}.Release|x64.Build.0 = Release|x64
		{72717652-4B87-4B9F-B0D9-14EA991571C1}.Release|x86.ActiveCfg = Release|Win32
		{72717652-4B87-4B9F-B0D9-14EA991571C1}.Release|x86.Build.0 = Release|Win32
	EndGlobalSection
	GlobalSection(SolutionProperties) = preSolution
		HideSolutionNode = FALSE
	EndGlobalSection
	GlobalSection(ExtensibilityGlobals) = postSolution
		SolutionGuid = {84DA61C2-F79B-496C-BA3D-59EC046D1021}
	EndGlobalSection
EndGlobal
